
Microsoft Visual Studio Solution File, Format Version 12.00
# Visual Studio Version 17
VisualStudioVersion = 17.10.35004.147
MinimumVisualStudioVersion = 10.0.40219.1
Project("{9A19103F-16F7-4668-BE54-9A1E7A4F7556}") = "N1", "OOP_Practice\N1.csproj", "{DBB0C16E-D408-4F58-A878-AED1F7EBD637}"
EndProject
Project("{9A19103F-16F7-4668-BE54-9A1E7A4F7556}") = "N2", "N2\N2.csproj", "{9095FA81-C9DC-45AF-BC8F-A8B361BDA245}"
EndProject
Project("{9A19103F-16F7-4668-BE54-9A1E7A4F7556}") = "N3", "N3\N3.csproj", "{A97A8BDB-9C19-49A1-82AF-0800BE8F1988}"
EndProject
Project("{9A19103F-16F7-4668-BE54-9A1E7A4F7556}") = "N4", "N4\N4.csproj", "{ECA75F6D-722B-40A4-A319-AD84EA7B9222}"
EndProject
Project("{FAE04EC0-301F-11D3-BF4B-00C04F79EFBC}") = "N5", "N5\N5.csproj", "{BE97BFDE-F7FC-4D46-868D-0D853AA6DCFC}"
EndProject
Project("{FAE04EC0-301F-11D3-BF4B-00C04F79EFBC}") = "N6", "N6\N6.csproj", "{B0293016-B161-49D1-8B99-0B54373DA7C9}"
EndProject
Project("{FAE04EC0-301F-11D3-BF4B-00C04F79EFBC}") = "N7", "N7\N7.csproj", "{DB610060-0AD9-4B37-AA6F-5133402555C5}"
EndProject
Project("{FAE04EC0-301F-11D3-BF4B-00C04F79EFBC}") = "N8", "N8\N8.csproj", "{D9FDBFAE-CB86-4202-8354-8C2DA82151AE}"
EndProject
Project("{FAE04EC0-301F-11D3-BF4B-00C04F79EFBC}") = "N9", "N9\N9.csproj", "{23FC8EEF-861B-40F2-B6A0-5889462CAA77}"
EndProject
Project("{FAE04EC0-301F-11D3-BF4B-00C04F79EFBC}") = "N10", "N10\N10.csproj", "{CE63B18E-2D27-41A8-A76D-EE5BB4426F30}"
EndProject
Project("{FAE04EC0-301F-11D3-BF4B-00C04F79EFBC}") = "N11", "N11\N11.csproj", "{ABD742CC-0C34-446C-A858-35BC528D5580}"
EndProject
Project("{FAE04EC0-301F-11D3-BF4B-00C04F79EFBC}") = "N12", "N12\N12.csproj", "{1B4679AF-C9B3-4DA9-A3B5-C531D4F57B45}"
EndProject
Project("{FAE04EC0-301F-11D3-BF4B-00C04F79EFBC}") = "N13", "N13\N13.csproj", "{574AD21F-2CD6-4804-8201-4561D192503E}"
EndProject
Project("{FAE04EC0-301F-11D3-BF4B-00C04F79EFBC}") = "N14", "N14\N14.csproj", "{5DEF9A97-AA1C-4991-8ED3-3212EE013A44}"
EndProject
Project("{FAE04EC0-301F-11D3-BF4B-00C04F79EFBC}") = "N15", "N15\N15.csproj", "{F0BD8779-B578-4C9B-8008-477F4B51CD13}"
EndProject
Project("{FAE04EC0-301F-11D3-BF4B-00C04F79EFBC}") = "N16", "N16\N16.csproj", "{D9847E38-D3BA-40E0-83C1-193762F52F7A}"
EndProject
Project("{FAE04EC0-301F-11D3-BF4B-00C04F79EFBC}") = "N17", "N17\N17.csproj", "{F2DEAECE-08D2-419C-871A-AED2AB30D36F}"
EndProject
Project("{FAE04EC0-301F-11D3-BF4B-00C04F79EFBC}") = "N18", "N18\N18.csproj", "{4300D9D2-7848-42A0-993F-1DF39EE09FC2}"
EndProject
Project("{FAE04EC0-301F-11D3-BF4B-00C04F79EFBC}") = "N19", "N19\N19.csproj", "{FF2B6CB6-84FD-46F5-98F2-C65E4AD6D9F0}"
EndProject
Project("{FAE04EC0-301F-11D3-BF4B-00C04F79EFBC}") = "N20_1", "N20_1\N20_1.csproj", "{4D5E789E-1CE8-4CD4-A41B-AC434E5ABDBB}"
EndProject
Project("{FAE04EC0-301F-11D3-BF4B-00C04F79EFBC}") = "N20_2", "N20_2\N20_2.csproj", "{1760F6FF-BBD7-4A54-9E27-C827A0AB7BFA}"
EndProject
Global
	GlobalSection(SolutionConfigurationPlatforms) = preSolution
		Debug|Any CPU = Debug|Any CPU
		Release|Any CPU = Release|Any CPU
	EndGlobalSection
	GlobalSection(ProjectConfigurationPlatforms) = postSolution
		{DBB0C16E-D408-4F58-A878-AED1F7EBD637}.Debug|Any CPU.ActiveCfg = Debug|Any CPU
		{DBB0C16E-D408-4F58-A878-AED1F7EBD637}.Debug|Any CPU.Build.0 = Debug|Any CPU
		{DBB0C16E-D408-4F58-A878-AED1F7EBD637}.Release|Any CPU.ActiveCfg = Release|Any CPU
		{DBB0C16E-D408-4F58-A878-AED1F7EBD637}.Release|Any CPU.Build.0 = Release|Any CPU
		{9095FA81-C9DC-45AF-BC8F-A8B361BDA245}.Debug|Any CPU.ActiveCfg = Debug|Any CPU
		{9095FA81-C9DC-45AF-BC8F-A8B361BDA245}.Debug|Any CPU.Build.0 = Debug|Any CPU
		{9095FA81-C9DC-45AF-BC8F-A8B361BDA245}.Release|Any CPU.ActiveCfg = Release|Any CPU
		{9095FA81-C9DC-45AF-BC8F-A8B361BDA245}.Release|Any CPU.Build.0 = Release|Any CPU
		{A97A8BDB-9C19-49A1-82AF-0800BE8F1988}.Debug|Any CPU.ActiveCfg = Debug|Any CPU
		{A97A8BDB-9C19-49A1-82AF-0800BE8F1988}.Debug|Any CPU.Build.0 = Debug|Any CPU
		{A97A8BDB-9C19-49A1-82AF-0800BE8F1988}.Release|Any CPU.ActiveCfg = Release|Any CPU
		{A97A8BDB-9C19-49A1-82AF-0800BE8F1988}.Release|Any CPU.Build.0 = Release|Any CPU
		{ECA75F6D-722B-40A4-A319-AD84EA7B9222}.Debug|Any CPU.ActiveCfg = Debug|Any CPU
		{ECA75F6D-722B-40A4-A319-AD84EA7B9222}.Debug|Any CPU.Build.0 = Debug|Any CPU
		{ECA75F6D-722B-40A4-A319-AD84EA7B9222}.Release|Any CPU.ActiveCfg = Release|Any CPU
		{ECA75F6D-722B-40A4-A319-AD84EA7B9222}.Release|Any CPU.Build.0 = Release|Any CPU
		{BE97BFDE-F7FC-4D46-868D-0D853AA6DCFC}.Debug|Any CPU.ActiveCfg = Debug|Any CPU
		{BE97BFDE-F7FC-4D46-868D-0D853AA6DCFC}.Debug|Any CPU.Build.0 = Debug|Any CPU
		{BE97BFDE-F7FC-4D46-868D-0D853AA6DCFC}.Release|Any CPU.ActiveCfg = Release|Any CPU
		{BE97BFDE-F7FC-4D46-868D-0D853AA6DCFC}.Release|Any CPU.Build.0 = Release|Any CPU
		{B0293016-B161-49D1-8B99-0B54373DA7C9}.Debug|Any CPU.ActiveCfg = Debug|Any CPU
		{B0293016-B161-49D1-8B99-0B54373DA7C9}.Debug|Any CPU.Build.0 = Debug|Any CPU
		{B0293016-B161-49D1-8B99-0B54373DA7C9}.Release|Any CPU.ActiveCfg = Release|Any CPU
		{B0293016-B161-49D1-8B99-0B54373DA7C9}.Release|Any CPU.Build.0 = Release|Any CPU
		{DB610060-0AD9-4B37-AA6F-5133402555C5}.Debug|Any CPU.ActiveCfg = Debug|Any CPU
		{DB610060-0AD9-4B37-AA6F-5133402555C5}.Debug|Any CPU.Build.0 = Debug|Any CPU
		{DB610060-0AD9-4B37-AA6F-5133402555C5}.Release|Any CPU.ActiveCfg = Release|Any CPU
		{DB610060-0AD9-4B37-AA6F-5133402555C5}.Release|Any CPU.Build.0 = Release|Any CPU
		{D9FDBFAE-CB86-4202-8354-8C2DA82151AE}.Debug|Any CPU.ActiveCfg = Debug|Any CPU
		{D9FDBFAE-CB86-4202-8354-8C2DA82151AE}.Debug|Any CPU.Build.0 = Debug|Any CPU
		{D9FDBFAE-CB86-4202-8354-8C2DA82151AE}.Release|Any CPU.ActiveCfg = Release|Any CPU
		{D9FDBFAE-CB86-4202-8354-8C2DA82151AE}.Release|Any CPU.Build.0 = Release|Any CPU
		{23FC8EEF-861B-40F2-B6A0-5889462CAA77}.Debug|Any CPU.ActiveCfg = Debug|Any CPU
		{23FC8EEF-861B-40F2-B6A0-5889462CAA77}.Debug|Any CPU.Build.0 = Debug|Any CPU
		{23FC8EEF-861B-40F2-B6A0-5889462CAA77}.Release|Any CPU.ActiveCfg = Release|Any CPU
		{23FC8EEF-861B-40F2-B6A0-5889462CAA77}.Release|Any CPU.Build.0 = Release|Any CPU
		{CE63B18E-2D27-41A8-A76D-EE5BB4426F30}.Debug|Any CPU.ActiveCfg = Debug|Any CPU
		{CE63B18E-2D27-41A8-A76D-EE5BB4426F30}.Debug|Any CPU.Build.0 = Debug|Any CPU
		{CE63B18E-2D27-41A8-A76D-EE5BB4426F30}.Release|Any CPU.ActiveCfg = Release|Any CPU
		{CE63B18E-2D27-41A8-A76D-EE5BB4426F30}.Release|Any CPU.Build.0 = Release|Any CPU
		{ABD742CC-0C34-446C-A858-35BC528D5580}.Debug|Any CPU.ActiveCfg = Debug|Any CPU
		{ABD742CC-0C34-446C-A858-35BC528D5580}.Debug|Any CPU.Build.0 = Debug|Any CPU
		{ABD742CC-0C34-446C-A858-35BC528D5580}.Release|Any CPU.ActiveCfg = Release|Any CPU
		{ABD742CC-0C34-446C-A858-35BC528D5580}.Release|Any CPU.Build.0 = Release|Any CPU
		{1B4679AF-C9B3-4DA9-A3B5-C531D4F57B45}.Debug|Any CPU.ActiveCfg = Debug|Any CPU
		{1B4679AF-C9B3-4DA9-A3B5-C531D4F57B45}.Debug|Any CPU.Build.0 = Debug|Any CPU
		{1B4679AF-C9B3-4DA9-A3B5-C531D4F57B45}.Release|Any CPU.ActiveCfg = Release|Any CPU
		{1B4679AF-C9B3-4DA9-A3B5-C531D4F57B45}.Release|Any CPU.Build.0 = Release|Any CPU
		{574AD21F-2CD6-4804-8201-4561D192503E}.Debug|Any CPU.ActiveCfg = Debug|Any CPU
		{574AD21F-2CD6-4804-8201-4561D192503E}.Debug|Any CPU.Build.0 = Debug|Any CPU
		{574AD21F-2CD6-4804-8201-4561D192503E}.Release|Any CPU.ActiveCfg = Release|Any CPU
		{574AD21F-2CD6-4804-8201-4561D192503E}.Release|Any CPU.Build.0 = Release|Any CPU
		{5DEF9A97-AA1C-4991-8ED3-3212EE013A44}.Debug|Any CPU.ActiveCfg = Debug|Any CPU
		{5DEF9A97-AA1C-4991-8ED3-3212EE013A44}.Debug|Any CPU.Build.0 = Debug|Any CPU
		{5DEF9A97-AA1C-4991-8ED3-3212EE013A44}.Release|Any CPU.ActiveCfg = Release|Any CPU
		{5DEF9A97-AA1C-4991-8ED3-3212EE013A44}.Release|Any CPU.Build.0 = Release|Any CPU
		{F0BD8779-B578-4C9B-8008-477F4B51CD13}.Debug|Any CPU.ActiveCfg = Debug|Any CPU
		{F0BD8779-B578-4C9B-8008-477F4B51CD13}.Debug|Any CPU.Build.0 = Debug|Any CPU
		{F0BD8779-B578-4C9B-8008-477F4B51CD13}.Release|Any CPU.ActiveCfg = Release|Any CPU
		{F0BD8779-B578-4C9B-8008-477F4B51CD13}.Release|Any CPU.Build.0 = Release|Any CPU
		{D9847E38-D3BA-40E0-83C1-193762F52F7A}.Debug|Any CPU.ActiveCfg = Debug|Any CPU
		{D9847E38-D3BA-40E0-83C1-193762F52F7A}.Debug|Any CPU.Build.0 = Debug|Any CPU
		{D9847E38-D3BA-40E0-83C1-193762F52F7A}.Release|Any CPU.ActiveCfg = Release|Any CPU
		{D9847E38-D3BA-40E0-83C1-193762F52F7A}.Release|Any CPU.Build.0 = Release|Any CPU
		{F2DEAECE-08D2-419C-871A-AED2AB30D36F}.Debug|Any CPU.ActiveCfg = Debug|Any CPU
		{F2DEAECE-08D2-419C-871A-AED2AB30D36F}.Debug|Any CPU.Build.0 = Debug|Any CPU
		{F2DEAECE-08D2-419C-871A-AED2AB30D36F}.Release|Any CPU.ActiveCfg = Release|Any CPU
		{F2DEAECE-08D2-419C-871A-AED2AB30D36F}.Release|Any CPU.Build.0 = Release|Any CPU
		{4300D9D2-7848-42A0-993F-1DF39EE09FC2}.Debug|Any CPU.ActiveCfg = Debug|Any CPU
		{4300D9D2-7848-42A0-993F-1DF39EE09FC2}.Debug|Any CPU.Build.0 = Debug|Any CPU
		{4300D9D2-7848-42A0-993F-1DF39EE09FC2}.Release|Any CPU.ActiveCfg = Release|Any CPU
		{4300D9D2-7848-42A0-993F-1DF39EE09FC2}.Release|Any CPU.Build.0 = Release|Any CPU
		{FF2B6CB6-84FD-46F5-98F2-C65E4AD6D9F0}.Debug|Any CPU.ActiveCfg = Debug|Any CPU
		{FF2B6CB6-84FD-46F5-98F2-C65E4AD6D9F0}.Debug|Any CPU.Build.0 = Debug|Any CPU
		{FF2B6CB6-84FD-46F5-98F2-C65E4AD6D9F0}.Release|Any CPU.ActiveCfg = Release|Any CPU
		{FF2B6CB6-84FD-46F5-98F2-C65E4AD6D9F0}.Release|Any CPU.Build.0 = Release|Any CPU
		{4D5E789E-1CE8-4CD4-A41B-AC434E5ABDBB}.Debug|Any CPU.ActiveCfg = Debug|Any CPU
		{4D5E789E-1CE8-4CD4-A41B-AC434E5ABDBB}.Debug|Any CPU.Build.0 = Debug|Any CPU
		{4D5E789E-1CE8-4CD4-A41B-AC434E5ABDBB}.Release|Any CPU.ActiveCfg = Release|Any CPU
		{4D5E789E-1CE8-4CD4-A41B-AC434E5ABDBB}.Release|Any CPU.Build.0 = Release|Any CPU
		{1760F6FF-BBD7-4A54-9E27-C827A0AB7BFA}.Debug|Any CPU.ActiveCfg = Debug|Any CPU
		{1760F6FF-BBD7-4A54-9E27-C827A0AB7BFA}.Debug|Any CPU.Build.0 = Debug|Any CPU
		{1760F6FF-BBD7-4A54-9E27-C827A0AB7BFA}.Release|Any CPU.ActiveCfg = Release|Any CPU
		{1760F6FF-BBD7-4A54-9E27-C827A0AB7BFA}.Release|Any CPU.Build.0 = Release|Any CPU
	EndGlobalSection
	GlobalSection(SolutionProperties) = preSolution
		HideSolutionNode = FALSE
	EndGlobalSection
	GlobalSection(ExtensibilityGlobals) = postSolution
		SolutionGuid = {E6F8C7B7-3186-4979-A25A-B77F28E22614}
	EndGlobalSection
EndGlobal
